
Microsoft Visual Studio Solution File, Format Version 12.00
# Visual Studio Version 17
VisualStudioVersion = 17.6.33815.320
MinimumVisualStudioVersion = 10.0.40219.1
Project("{FAE04EC0-301F-11D3-BF4B-00C04F79EFBC}") = "Learn018", "Learn018.csproj", "{8732F5BD-7857-4490-BA41-88BD4A2EA9F8}"
EndProject
Global
	GlobalSection(SolutionConfigurationPlatforms) = preSolution
		Debug|Any CPU = Debug|Any CPU
		Release|Any CPU = Release|Any CPU
	EndGlobalSection
	GlobalSection(ProjectConfigurationPlatforms) = postSolution
		{8732F5BD-7857-4490-BA41-88BD4A2EA9F8}.Debug|Any CPU.ActiveCfg = Debug|Any CPU
		{8732F5BD-7857-4490-BA41-88BD4A2EA9F8}.Debug|Any CPU.Build.0 = Debug|Any CPU
		{8732F5BD-7857-4490-BA41-88BD4A2EA9F8}.Release|Any CPU.ActiveCfg = Release|Any CPU
		{8732F5BD-7857-4490-BA41-88BD4A2EA9F8}.Release|Any CPU.Build.0 = Release|Any CPU
	EndGlobalSection
	GlobalSection(SolutionProperties) = preSolution
		HideSolutionNode = FALSE
	EndGlobalSection
	GlobalSection(ExtensibilityGlobals) = postSolution
		SolutionGuid = {64FC3DD5-B4C4-43D3-A230-B438BE18FB5B}
	EndGlobalSection
EndGlobal
