
Microsoft Visual Studio Solution File, Format Version 12.00
# Visual Studio Version 17
VisualStudioVersion = 17.2.32630.192
MinimumVisualStudioVersion = 10.0.40219.1
Project("{FAE04EC0-301F-11D3-BF4B-00C04F79EFBC}") = "Learn001", "Learn001.csproj", "{5FCBF014-048E-4CAF-8602-326AA7F4AEA4}"
EndProject
Global
	GlobalSection(SolutionConfigurationPlatforms) = preSolution
		Debug|Any CPU = Debug|Any CPU
		Release|Any CPU = Release|Any CPU
	EndGlobalSection
	GlobalSection(ProjectConfigurationPlatforms) = postSolution
		{5FCBF014-048E-4CAF-8602-326AA7F4AEA4}.Debug|Any CPU.ActiveCfg = Debug|Any CPU
		{5FCBF014-048E-4CAF-8602-326AA7F4AEA4}.Debug|Any CPU.Build.0 = Debug|Any CPU
		{5FCBF014-048E-4CAF-8602-326AA7F4AEA4}.Release|Any CPU.ActiveCfg = Release|Any CPU
		{5FCBF014-048E-4CAF-8602-326AA7F4AEA4}.Release|Any CPU.Build.0 = Release|Any CPU
	EndGlobalSection
	GlobalSection(SolutionProperties) = preSolution
		HideSolutionNode = FALSE
	EndGlobalSection
	GlobalSection(ExtensibilityGlobals) = postSolution
		SolutionGuid = {F8683257-6BAD-41A0-9DE1-F7E45A0440F4}
	EndGlobalSection
EndGlobal
