
Microsoft Visual Studio Solution File, Format Version 12.00
# Visual Studio Version 17
VisualStudioVersion = 17.6.33815.320
MinimumVisualStudioVersion = 10.0.40219.1
Project("{FAE04EC0-301F-11D3-BF4B-00C04F79EFBC}") = "Learn004", "Learn004.csproj", "{4A44CECE-932D-4DB3-9803-5174B7CDF600}"
EndProject
Global
	GlobalSection(SolutionConfigurationPlatforms) = preSolution
		Debug|Any CPU = Debug|Any CPU
		Release|Any CPU = Release|Any CPU
	EndGlobalSection
	GlobalSection(ProjectConfigurationPlatforms) = postSolution
		{4A44CECE-932D-4DB3-9803-5174B7CDF600}.Debug|Any CPU.ActiveCfg = Debug|Any CPU
		{4A44CECE-932D-4DB3-9803-5174B7CDF600}.Debug|Any CPU.Build.0 = Debug|Any CPU
		{4A44CECE-932D-4DB3-9803-5174B7CDF600}.Release|Any CPU.ActiveCfg = Release|Any CPU
		{4A44CECE-932D-4DB3-9803-5174B7CDF600}.Release|Any CPU.Build.0 = Release|Any CPU
	EndGlobalSection
	GlobalSection(SolutionProperties) = preSolution
		HideSolutionNode = FALSE
	EndGlobalSection
	GlobalSection(ExtensibilityGlobals) = postSolution
		SolutionGuid = {EA6D3517-0EED-4FD8-B424-6865DD51629B}
	EndGlobalSection
EndGlobal
